PODS:
  - VirgilCrypto (5.2.0):
    - VirgilCryptoFoundation (~> 0.11.0)
  - VirgilCryptoFoundation (0.11.1):
    - VSCCrypto/Common (= 0.11.0)
    - VSCCrypto/Foundation (= 0.11.0)
  - VirgilCryptoPythia (0.11.1):
    - VirgilCryptoFoundation (= 0.11.1)
    - VSCCrypto/Common (= 0.11.0)
    - VSCCrypto/Foundation (= 0.11.0)
    - VSCCrypto/Pythia (= 0.11.0)
  - VirgilCryptoRatchet (0.11.1):
    - VirgilCryptoFoundation (= 0.11.1)
    - VSCCrypto/Common (= 0.11.0)
    - VSCCrypto/Foundation (= 0.11.0)
    - VSCCrypto/Ratchet (= 0.11.0)
  - VirgilE3Kit (0.8.0-beta4):
    - VirgilSDKPythia (~> 0.7.1)
    - VirgilSDKRatchet (~> 0.3.1)
  - VirgilSDK (7.0.2):
    - VirgilCrypto (~> 5.2)
  - VirgilSDKPythia (0.7.1):
    - VirgilCryptoPythia (~> 0.11.0)
    - VirgilSDK (~> 7.0)
  - VirgilSDKRatchet (0.3.1):
    - VirgilCryptoRatchet (~> 0.11.0)
    - VirgilSDK (~> 7.0)
  - VSCCrypto/Common (0.11.0)
  - VSCCrypto/Foundation (0.11.0)
  - VSCCrypto/Pythia (0.11.0)
  - VSCCrypto/Ratchet (0.11.0)

DEPENDENCIES:
  - VirgilE3Kit (~> 0.8.0-beta4)

SPEC REPOS:
  trunk:
    - VirgilCrypto
    - VirgilCryptoFoundation
    - VirgilCryptoPythia
    - VirgilCryptoRatchet
    - VirgilE3Kit
    - VirgilSDK
    - VirgilSDKPythia
    - VirgilSDKRatchet
    - VSCCrypto

SPEC CHECKSUMS:
  VirgilCrypto: 309fa760ba0f21f160e7c54c58fca3d33a3913fe
  VirgilCryptoFoundation: d5678b66b72fe528b8d59469b2787796f8f56c94
  VirgilCryptoPythia: 260ebee50f05c2ead5c08b84fcd297d058f983e5
  VirgilCryptoRatchet: 858ceb2afbe473d8f264fe71b8ae7c330cc3d678
  VirgilE3Kit: d779552ab467212828bdf2c2d3cf6eb72b2b6750
  VirgilSDK: 5ba4d5347ba91848c43c17e586bd40407aba271b
  VirgilSDKPythia: 4c9278156e568970e529fec796a684ec48b28788
  VirgilSDKRatchet: fad3d8f9bd89d6ea852e9ad9ab22755a4969fc44
  VSCCrypto: 9ffdbed1f9c3fdd4baee7d02aa2baab4ca5d8dd2

PODFILE CHECKSUM: c734a9db76b0897b7ae0c7e2fc21249ffd1c4659

COCOAPODS: 1.8.4
