PODS:
  - VirgilCrypto (5.0.0):
    - VirgilCryptoFoundation (~> 0.8.0)
  - VirgilCryptoFoundation (0.8.1):
    - VSCCrypto/Common (= 0.8.1)
    - VSCCrypto/Foundation (= 0.8.1)
  - VirgilCryptoPythia (0.8.1):
    - VirgilCryptoFoundation (= 0.8.1)
    - VSCCrypto/Common (= 0.8.1)
    - VSCCrypto/Foundation (= 0.8.1)
    - VSCCrypto/Pythia (= 0.8.1)
  - VirgilE3Kit (0.6.0):
    - VirgilSDKPythia (~> 0.6.0)
  - VirgilSDK (6.0.0):
    - VirgilCrypto (~> 5.0)
  - VirgilSDKPythia (0.6.0):
    - VirgilCryptoPythia (~> 0.8.0)
    - VirgilSDK (~> 6.0)
  - VSCCrypto/Common (0.8.1)
  - VSCCrypto/Foundation (0.8.1)
  - VSCCrypto/Pythia (0.8.1)

DEPENDENCIES:
  - VirgilE3Kit (~> 0.6.0)

SPEC REPOS:
  https://github.com/cocoapods/specs.git:
    - VirgilCrypto
    - VirgilCryptoFoundation
    - VirgilCryptoPythia
    - VirgilE3Kit
    - VirgilSDK
    - VirgilSDKPythia
    - VSCCrypto

SPEC CHECKSUMS:
  VirgilCrypto: 9c6a42a21a1e67ea24db70c9f7f99953fb43bf5f
  VirgilCryptoFoundation: fdad3997f220588d9e102232c0db11a66c778b6b
  VirgilCryptoPythia: 8b2617df1261f1e63357824ccbda3d078ab3258d
  VirgilE3Kit: 2a419db1f706048096a83a2a9c101897ac1ecd00
  VirgilSDK: effde1b58bb9ed5a8c6130089f8adcd51262ad5c
  VirgilSDKPythia: d73c91b0b215e330aa330137b4abfa5e96eb553e
  VSCCrypto: ecf239de63626f91db8561b52b472f387d2f1b41

PODFILE CHECKSUM: 71dba1bd7e6d32dabe87d2411cc4d8bb74cec0f5

COCOAPODS: 1.6.1
