// !$*UTF8*$!
{
	archiveVersion = 1;
	classes = {
	};
	objectVersion = 50;
	objects = {

/* Begin PBXBuildFile section */
		80A3DDF022CE227200E73510 /* AppError.swift in Sources */ = {isa = PBXBuildFile; fileRef = 80A3DDEF22CE227200E73510 /* AppError.swift */; };
		80AAFC3123215D68007A5D51 /* TimeInMs.swift in Sources */ = {isa = PBXBuildFile; fileRef = 80AAFC3023215D68007A5D51 /* TimeInMs.swift */; };
		80AFBA8ADCCDBCC6B4E4C80E /* Pods_E3Kit_iOS_Swift_Sample.framework in Frameworks */ = {isa = PBXBuildFile; fileRef = 512D8943D895699BBF906A4C /* Pods_E3Kit_iOS_Swift_Sample.framework */; };
		80ED28F42268DD70009AB395 /* AppDelegate.swift in Sources */ = {isa = PBXBuildFile; fileRef = 80ED28F32268DD70009AB395 /* AppDelegate.swift */; };
		80ED28F62268DD70009AB395 /* ViewController.swift in Sources */ = {isa = PBXBuildFile; fileRef = 80ED28F52268DD70009AB395 /* ViewController.swift */; };
		80ED28F92268DD70009AB395 /* Main.storyboard in Resources */ = {isa = PBXBuildFile; fileRef = 80ED28F72268DD70009AB395 /* Main.storyboard */; };
		80ED28FB2268DD72009AB395 /* Assets.xcassets in Resources */ = {isa = PBXBuildFile; fileRef = 80ED28FA2268DD72009AB395 /* Assets.xcassets */; };
		80ED28FE2268DD72009AB395 /* LaunchScreen.storyboard in Resources */ = {isa = PBXBuildFile; fileRef = 80ED28FC2268DD72009AB395 /* LaunchScreen.storyboard */; };
		80ED29062268DE38009AB395 /* Device.swift in Sources */ = {isa = PBXBuildFile; fileRef = 80ED29052268DE38009AB395 /* Device.swift */; };
/* End PBXBuildFile section */

/* Begin PBXFileReference section */
		512D8943D895699BBF906A4C /* Pods_E3Kit_iOS_Swift_Sample.framework */ = {isa = PBXFileReference; explicitFileType = wrapper.framework; includeInIndex = 0; path = Pods_E3Kit_iOS_Swift_Sample.framework; sourceTree = BUILT_PRODUCTS_DIR; };
		80A3DDEF22CE227200E73510 /* AppError.swift */ = {isa = PBXFileReference; lastKnownFileType = sourcecode.swift; path = AppError.swift; sourceTree = "<group>"; };
		80AAFC3023215D68007A5D51 /* TimeInMs.swift */ = {isa = PBXFileReference; lastKnownFileType = sourcecode.swift; path = TimeInMs.swift; sourceTree = "<group>"; };
		80ED28F02268DD70009AB395 /* E3Kit iOS Swift Sample.app */ = {isa = PBXFileReference; explicitFileType = wrapper.application; includeInIndex = 0; path = "E3Kit iOS Swift Sample.app"; sourceTree = BUILT_PRODUCTS_DIR; };
		80ED28F32268DD70009AB395 /* AppDelegate.swift */ = {isa = PBXFileReference; lastKnownFileType = sourcecode.swift; path = AppDelegate.swift; sourceTree = "<group>"; };
		80ED28F52268DD70009AB395 /* ViewController.swift */ = {isa = PBXFileReference; lastKnownFileType = sourcecode.swift; path = ViewController.swift; sourceTree = "<group>"; };
		80ED28F82268DD70009AB395 /* Base */ = {isa = PBXFileReference; lastKnownFileType = file.storyboard; name = Base; path = Base.lproj/Main.storyboard; sourceTree = "<group>"; };
		80ED28FA2268DD72009AB395 /* Assets.xcassets */ = {isa = PBXFileReference; lastKnownFileType = folder.assetcatalog; path = Assets.xcassets; sourceTree = "<group>"; };
		80ED28FD2268DD72009AB395 /* Base */ = {isa = PBXFileReference; lastKnownFileType = file.storyboard; name = Base; path = Base.lproj/LaunchScreen.storyboard; sourceTree = "<group>"; };
		80ED28FF2268DD72009AB395 /* Info.plist */ = {isa = PBXFileReference; lastKnownFileType = text.plist.xml; path = Info.plist; sourceTree = "<group>"; };
		80ED29052268DE38009AB395 /* Device.swift */ = {isa = PBXFileReference; lastKnownFileType = sourcecode.swift; path = Device.swift; sourceTree = "<group>"; };
		B48D972C20541C53A8DB4D4A /* Pods-E3Kit iOS Swift Sample.debug.xcconfig */ = {isa = PBXFileReference; includeInIndex = 1; lastKnownFileType = text.xcconfig; name = "Pods-E3Kit iOS Swift Sample.debug.xcconfig"; path = "Target Support Files/Pods-E3Kit iOS Swift Sample/Pods-E3Kit iOS Swift Sample.debug.xcconfig"; sourceTree = "<group>"; };
		DA5E3EE9AC7EAF6860141565 /* Pods-E3Kit iOS Swift Sample.release.xcconfig */ = {isa = PBXFileReference; includeInIndex = 1; lastKnownFileType = text.xcconfig; name = "Pods-E3Kit iOS Swift Sample.release.xcconfig"; path = "Target Support Files/Pods-E3Kit iOS Swift Sample/Pods-E3Kit iOS Swift Sample.release.xcconfig"; sourceTree = "<group>"; };
/* End PBXFileReference section */

/* Begin PBXFrameworksBuildPhase section */
		80ED28ED2268DD70009AB395 /* Frameworks */ = {
			isa = PBXFrameworksBuildPhase;
			buildActionMask = 2147483647;
			files = (
				80AFBA8ADCCDBCC6B4E4C80E /* Pods_E3Kit_iOS_Swift_Sample.framework in Frameworks */,
			);
			runOnlyForDeploymentPostprocessing = 0;
		};
/* End PBXFrameworksBuildPhase section */

/* Begin PBXGroup section */
		20DC513F1785875B936D6A7B /* Pods */ = {
			isa = PBXGroup;
			children = (
				B48D972C20541C53A8DB4D4A /* Pods-E3Kit iOS Swift Sample.debug.xcconfig */,
				DA5E3EE9AC7EAF6860141565 /* Pods-E3Kit iOS Swift Sample.release.xcconfig */,
			);
			path = Pods;
			sourceTree = "<group>";
		};
		80ED28E72268DD70009AB395 = {
			isa = PBXGroup;
			children = (
				80ED28F22268DD70009AB395 /* E3Kit iOS Swift Sample */,
				80ED28F12268DD70009AB395 /* Products */,
				20DC513F1785875B936D6A7B /* Pods */,
				C5AAAD28776E98B591B8D026 /* Frameworks */,
			);
			sourceTree = "<group>";
		};
		80ED28F12268DD70009AB395 /* Products */ = {
			isa = PBXGroup;
			children = (
				80ED28F02268DD70009AB395 /* E3Kit iOS Swift Sample.app */,
			);
			name = Products;
			sourceTree = "<group>";
		};
		80ED28F22268DD70009AB395 /* E3Kit iOS Swift Sample */ = {
			isa = PBXGroup;
			children = (
				80ED28F32268DD70009AB395 /* AppDelegate.swift */,
				80ED28F52268DD70009AB395 /* ViewController.swift */,
				80ED29052268DE38009AB395 /* Device.swift */,
				80AAFC3023215D68007A5D51 /* TimeInMs.swift */,
				80A3DDEF22CE227200E73510 /* AppError.swift */,
				80ED28F72268DD70009AB395 /* Main.storyboard */,
				80ED28FA2268DD72009AB395 /* Assets.xcassets */,
				80ED28FC2268DD72009AB395 /* LaunchScreen.storyboard */,
				80ED28FF2268DD72009AB395 /* Info.plist */,
			);
			path = "E3Kit iOS Swift Sample";
			sourceTree = "<group>";
		};
		C5AAAD28776E98B591B8D026 /* Frameworks */ = {
			isa = PBXGroup;
			children = (
				512D8943D895699BBF906A4C /* Pods_E3Kit_iOS_Swift_Sample.framework */,
			);
			name = Frameworks;
			sourceTree = "<group>";
		};
/* End PBXGroup section */

/* Begin PBXNativeTarget section */
		80ED28EF2268DD70009AB395 /* E3Kit iOS Swift Sample */ = {
			isa = PBXNativeTarget;
			buildConfigurationList = 80ED29022268DD72009AB395 /* Build configuration list for PBXNativeTarget "E3Kit iOS Swift Sample" */;
			buildPhases = (
				D04D2EF663A3BC1CBED95D64 /* [CP] Check Pods Manifest.lock */,
				80ED28EC2268DD70009AB395 /* Sources */,
				80ED28ED2268DD70009AB395 /* Frameworks */,
				80ED28EE2268DD70009AB395 /* Resources */,
				3B249DAF1FBD1CBD64162B8B /* [CP] Embed Pods Frameworks */,
			);
			buildRules = (
			);
			dependencies = (
			);
			name = "E3Kit iOS Swift Sample";
			productName = "E3Kit iOS Swift Sample";
			productReference = 80ED28F02268DD70009AB395 /* E3Kit iOS Swift Sample.app */;
			productType = "com.apple.product-type.application";
		};
/* End PBXNativeTarget section */

/* Begin PBXProject section */
		80ED28E82268DD70009AB395 /* Project object */ = {
			isa = PBXProject;
			attributes = {
				LastSwiftUpdateCheck = 1010;
				LastUpgradeCheck = 1010;
				ORGANIZATIONNAME = cardoso;
				TargetAttributes = {
					80ED28EF2268DD70009AB395 = {
						CreatedOnToolsVersion = 10.1;
						LastSwiftMigration = 1020;
					};
				};
			};
			buildConfigurationList = 80ED28EB2268DD70009AB395 /* Build configuration list for PBXProject "E3Kit iOS Swift Sample" */;
			compatibilityVersion = "Xcode 9.3";
			developmentRegion = en;
			hasScannedForEncodings = 0;
			knownRegions = (
				en,
				Base,
			);
			mainGroup = 80ED28E72268DD70009AB395;
			productRefGroup = 80ED28F12268DD70009AB395 /* Products */;
			projectDirPath = "";
			projectRoot = "";
			targets = (
				80ED28EF2268DD70009AB395 /* E3Kit iOS Swift Sample */,
			);
		};
/* End PBXProject section */

/* Begin PBXResourcesBuildPhase section */
		80ED28EE2268DD70009AB395 /* Resources */ = {
			isa = PBXResourcesBuildPhase;
			buildActionMask = 2147483647;
			files = (
				80ED28FE2268DD72009AB395 /* LaunchScreen.storyboard in Resources */,
				80ED28FB2268DD72009AB395 /* Assets.xcassets in Resources */,
				80ED28F92268DD70009AB395 /* Main.storyboard in Resources */,
			);
			runOnlyForDeploymentPostprocessing = 0;
		};
/* End PBXResourcesBuildPhase section */

/* Begin PBXShellScriptBuildPhase section */
		3B249DAF1FBD1CBD64162B8B /* [CP] Embed Pods Frameworks */ = {
			isa = PBXShellScriptBuildPhase;
			buildActionMask = 2147483647;
			files = (
			);
			inputFileListPaths = (
			);
			inputPaths = (
				"${PODS_ROOT}/Target Support Files/Pods-E3Kit iOS Swift Sample/Pods-E3Kit iOS Swift Sample-frameworks.sh",
				"${PODS_ROOT}/VSCCrypto/Carthage/iOS/VSCCommon.framework",
				"${PODS_ROOT}/VSCCrypto/Carthage/iOS/VSCFoundation.framework",
				"${PODS_ROOT}/VSCCrypto/Carthage/iOS/VSCPythia.framework",
				"${BUILT_PRODUCTS_DIR}/VirgilCrypto/VirgilCrypto.framework",
				"${BUILT_PRODUCTS_DIR}/VirgilCryptoFoundation/VirgilCryptoFoundation.framework",
				"${BUILT_PRODUCTS_DIR}/VirgilCryptoPythia/VirgilCryptoPythia.framework",
				"${BUILT_PRODUCTS_DIR}/VirgilE3Kit/VirgilE3Kit.framework",
				"${BUILT_PRODUCTS_DIR}/VirgilSDK/VirgilSDK.framework",
				"${BUILT_PRODUCTS_DIR}/VirgilSDKPythia/VirgilSDKPythia.framework",
			);
			name = "[CP] Embed Pods Frameworks";
			outputFileListPaths = (
			);
			outputPaths = (
				"${TARGET_BUILD_DIR}/${FRAMEWORKS_FOLDER_PATH}/VSCCommon.framework",
				"${TARGET_BUILD_DIR}/${FRAMEWORKS_FOLDER_PATH}/VSCFoundation.framework",
				"${TARGET_BUILD_DIR}/${FRAMEWORKS_FOLDER_PATH}/VSCPythia.framework",
				"${TARGET_BUILD_DIR}/${FRAMEWORKS_FOLDER_PATH}/VirgilCrypto.framework",
				"${TARGET_BUILD_DIR}/${FRAMEWORKS_FOLDER_PATH}/VirgilCryptoFoundation.framework",
				"${TARGET_BUILD_DIR}/${FRAMEWORKS_FOLDER_PATH}/VirgilCryptoPythia.framework",
				"${TARGET_BUILD_DIR}/${FRAMEWORKS_FOLDER_PATH}/VirgilE3Kit.framework",
				"${TARGET_BUILD_DIR}/${FRAMEWORKS_FOLDER_PATH}/VirgilSDK.framework",
				"${TARGET_BUILD_DIR}/${FRAMEWORKS_FOLDER_PATH}/VirgilSDKPythia.framework",
			);
			runOnlyForDeploymentPostprocessing = 0;
			shellPath = /bin/sh;
			shellScript = "\"${PODS_ROOT}/Target Support Files/Pods-E3Kit iOS Swift Sample/Pods-E3Kit iOS Swift Sample-frameworks.sh\"\n";
			showEnvVarsInLog = 0;
		};
		D04D2EF663A3BC1CBED95D64 /* [CP] Check Pods Manifest.lock */ = {
			isa = PBXShellScriptBuildPhase;
			buildActionMask = 2147483647;
			files = (
			);
			inputFileListPaths = (
			);
			inputPaths = (
				"${PODS_PODFILE_DIR_PATH}/Podfile.lock",
				"${PODS_ROOT}/Manifest.lock",
			);
			name = "[CP] Check Pods Manifest.lock";
			outputFileListPaths = (
			);
			outputPaths = (
				"$(DERIVED_FILE_DIR)/Pods-E3Kit iOS Swift Sample-checkManifestLockResult.txt",
			);
			runOnlyForDeploymentPostprocessing = 0;
			shellPath = /bin/sh;
			shellScript = "diff \"${PODS_PODFILE_DIR_PATH}/Podfile.lock\" \"${PODS_ROOT}/Manifest.lock\" > /dev/null\nif [ $? != 0 ] ; then\n    # print error to STDERR\n    echo \"error: The sandbox is not in sync with the Podfile.lock. Run 'pod install' or update your CocoaPods installation.\" >&2\n    exit 1\nfi\n# This output is used by Xcode 'outputs' to avoid re-running this script phase.\necho \"SUCCESS\" > \"${SCRIPT_OUTPUT_FILE_0}\"\n";
			showEnvVarsInLog = 0;
		};
/* End PBXShellScriptBuildPhase section */

/* Begin PBXSourcesBuildPhase section */
		80ED28EC2268DD70009AB395 /* Sources */ = {
			isa = PBXSourcesBuildPhase;
			buildActionMask = 2147483647;
			files = (
				80A3DDF022CE227200E73510 /* AppError.swift in Sources */,
				80ED29062268DE38009AB395 /* Device.swift in Sources */,
				80ED28F62268DD70009AB395 /* ViewController.swift in Sources */,
				80ED28F42268DD70009AB395 /* AppDelegate.swift in Sources */,
				80AAFC3123215D68007A5D51 /* TimeInMs.swift in Sources */,
			);
			runOnlyForDeploymentPostprocessing = 0;
		};
/* End PBXSourcesBuildPhase section */

/* Begin PBXVariantGroup section */
		80ED28F72268DD70009AB395 /* Main.storyboard */ = {
			isa = PBXVariantGroup;
			children = (
				80ED28F82268DD70009AB395 /* Base */,
			);
			name = Main.storyboard;
			sourceTree = "<group>";
		};
		80ED28FC2268DD72009AB395 /* LaunchScreen.storyboard */ = {
			isa = PBXVariantGroup;
			children = (
				80ED28FD2268DD72009AB395 /* Base */,
			);
			name = LaunchScreen.storyboard;
			sourceTree = "<group>";
		};
/* End PBXVariantGroup section */

/* Begin XCBuildConfiguration section */
		80ED29002268DD72009AB395 /* Debug */ = {
			isa = XCBuildConfiguration;
			buildSettings = {
				ALWAYS_SEARCH_USER_PATHS = NO;
				CLANG_ANALYZER_NONNULL = YES;
				CLANG_ANALYZER_NUMBER_OBJECT_CONVERSION = YES_AGGRESSIVE;
				CLANG_CXX_LANGUAGE_STANDARD = "gnu++14";
				CLANG_CXX_LIBRARY = "libc++";
				CLANG_ENABLE_MODULES = YES;
				CLANG_ENABLE_OBJC_ARC = YES;
				CLANG_ENABLE_OBJC_WEAK = YES;
				CLANG_WARN_BLOCK_CAPTURE_AUTORELEASING = YES;
				CLANG_WARN_BOOL_CONVERSION = YES;
				CLANG_WARN_COMMA = YES;
				CLANG_WARN_CONSTANT_CONVERSION = YES;
				CLANG_WARN_DEPRECATED_OBJC_IMPLEMENTATIONS = YES;
				CLANG_WARN_DIRECT_OBJC_ISA_USAGE = YES_ERROR;
				CLANG_WARN_DOCUMENTATION_COMMENTS = YES;
				CLANG_WARN_EMPTY_BODY = YES;
				CLANG_WARN_ENUM_CONVERSION = YES;
				CLANG_WARN_INFINITE_RECURSION = YES;
				CLANG_WARN_INT_CONVERSION = YES;
				CLANG_WARN_NON_LITERAL_NULL_CONVERSION = YES;
				CLANG_WARN_OBJC_IMPLICIT_RETAIN_SELF = YES;
				CLANG_WARN_OBJC_LITERAL_CONVERSION = YES;
				CLANG_WARN_OBJC_ROOT_CLASS = YES_ERROR;
				CLANG_WARN_RANGE_LOOP_ANALYSIS = YES;
				CLANG_WARN_STRICT_PROTOTYPES = YES;
				CLANG_WARN_SUSPICIOUS_MOVE = YES;
				CLANG_WARN_UNGUARDED_AVAILABILITY = YES_AGGRESSIVE;
				CLANG_WARN_UNREACHABLE_CODE = YES;
				CLANG_WARN__DUPLICATE_METHOD_MATCH = YES;
				CODE_SIGN_IDENTITY = "iPhone Developer";
				COPY_PHASE_STRIP = NO;
				DEBUG_INFORMATION_FORMAT = dwarf;
				ENABLE_STRICT_OBJC_MSGSEND = YES;
				ENABLE_TESTABILITY = YES;
				GCC_C_LANGUAGE_STANDARD = gnu11;
				GCC_DYNAMIC_NO_PIC = NO;
				GCC_NO_COMMON_BLOCKS = YES;
				GCC_OPTIMIZATION_LEVEL = 0;
				GCC_PREPROCESSOR_DEFINITIONS = (
					"DEBUG=1",
					"$(inherited)",
				);
				GCC_WARN_64_TO_32_BIT_CONVERSION = YES;
				GCC_WARN_ABOUT_RETURN_TYPE = YES_ERROR;
				GCC_WARN_UNDECLARED_SELECTOR = YES;
				GCC_WARN_UNINITIALIZED_AUTOS = YES_AGGRESSIVE;
				GCC_WARN_UNUSED_FUNCTION = YES;
				GCC_WARN_UNUSED_VARIABLE = YES;
				IPHONEOS_DEPLOYMENT_TARGET = 12.1;
				MTL_ENABLE_DEBUG_INFO = INCLUDE_SOURCE;
				MTL_FAST_MATH = YES;
				ONLY_ACTIVE_ARCH = YES;
				SDKROOT = iphoneos;
				SWIFT_ACTIVE_COMPILATION_CONDITIONS = DEBUG;
				SWIFT_OPTIMIZATION_LEVEL = "-Onone";
			};
			name = Debug;
		};
		80ED29012268DD72009AB395 /* Release */ = {
			isa = XCBuildConfiguration;
			buildSettings = {
				ALWAYS_SEARCH_USER_PATHS = NO;
				CLANG_ANALYZER_NONNULL = YES;
				CLANG_ANALYZER_NUMBER_OBJECT_CONVERSION = YES_AGGRESSIVE;
				CLANG_CXX_LANGUAGE_STANDARD = "gnu++14";
				CLANG_CXX_LIBRARY = "libc++";
				CLANG_ENABLE_MODULES = YES;
				CLANG_ENABLE_OBJC_ARC = YES;
				CLANG_ENABLE_OBJC_WEAK = YES;
				CLANG_WARN_BLOCK_CAPTURE_AUTORELEASING = YES;
				CLANG_WARN_BOOL_CONVERSION = YES;
				CLANG_WARN_COMMA = YES;
				CLANG_WARN_CONSTANT_CONVERSION = YES;
				CLANG_WARN_DEPRECATED_OBJC_IMPLEMENTATIONS = YES;
				CLANG_WARN_DIRECT_OBJC_ISA_USAGE = YES_ERROR;
				CLANG_WARN_DOCUMENTATION_COMMENTS = YES;
				CLANG_WARN_EMPTY_BODY = YES;
				CLANG_WARN_ENUM_CONVERSION = YES;
				CLANG_WARN_INFINITE_RECURSION = YES;
				CLANG_WARN_INT_CONVERSION = YES;
				CLANG_WARN_NON_LITERAL_NULL_CONVERSION = YES;
				CLANG_WARN_OBJC_IMPLICIT_RETAIN_SELF = YES;
				CLANG_WARN_OBJC_LITERAL_CONVERSION = YES;
				CLANG_WARN_OBJC_ROOT_CLASS = YES_ERROR;
				CLANG_WARN_RANGE_LOOP_ANALYSIS = YES;
				CLANG_WARN_STRICT_PROTOTYPES = YES;
				CLANG_WARN_SUSPICIOUS_MOVE = YES;
				CLANG_WARN_UNGUARDED_AVAILABILITY = YES_AGGRESSIVE;
				CLANG_WARN_UNREACHABLE_CODE = YES;
				CLANG_WARN__DUPLICATE_METHOD_MATCH = YES;
				CODE_SIGN_IDENTITY = "iPhone Developer";
				COPY_PHASE_STRIP = NO;
				DEBUG_INFORMATION_FORMAT = "dwarf-with-dsym";
				ENABLE_NS_ASSERTIONS = NO;
				ENABLE_STRICT_OBJC_MSGSEND = YES;
				GCC_C_LANGUAGE_STANDARD = gnu11;
				GCC_NO_COMMON_BLOCKS = YES;
				GCC_WARN_64_TO_32_BIT_CONVERSION = YES;
				GCC_WARN_ABOUT_RETURN_TYPE = YES_ERROR;
				GCC_WARN_UNDECLARED_SELECTOR = YES;
				GCC_WARN_UNINITIALIZED_AUTOS = YES_AGGRESSIVE;
				GCC_WARN_UNUSED_FUNCTION = YES;
				GCC_WARN_UNUSED_VARIABLE = YES;
				IPHONEOS_DEPLOYMENT_TARGET = 12.1;
				MTL_ENABLE_DEBUG_INFO = NO;
				MTL_FAST_MATH = YES;
				SDKROOT = iphoneos;
				SWIFT_COMPILATION_MODE = wholemodule;
				SWIFT_OPTIMIZATION_LEVEL = "-O";
				VALIDATE_PRODUCT = YES;
			};
			name = Release;
		};
		80ED29032268DD72009AB395 /* Debug */ = {
			isa = XCBuildConfiguration;
			baseConfigurationReference = B48D972C20541C53A8DB4D4A /* Pods-E3Kit iOS Swift Sample.debug.xcconfig */;
			buildSettings = {
				ASSETCATALOG_COMPILER_APPICON_NAME = AppIcon;
				CODE_SIGN_STYLE = Automatic;
				DEVELOPMENT_TEAM = FWD9V5VYJ2;
				INFOPLIST_FILE = "E3Kit iOS Swift Sample/Info.plist";
				LD_RUNPATH_SEARCH_PATHS = (
					"$(inherited)",
					"@executable_path/Frameworks",
				);
				PRODUCT_BUNDLE_IDENTIFIER = "cardoso.E3Kit-iOS-Swift-Sample";
				PRODUCT_NAME = "$(TARGET_NAME)";
				SWIFT_VERSION = 5.0;
				TARGETED_DEVICE_FAMILY = "1,2";
			};
			name = Debug;
		};
		80ED29042268DD72009AB395 /* Release */ = {
			isa = XCBuildConfiguration;
			baseConfigurationReference = DA5E3EE9AC7EAF6860141565 /* Pods-E3Kit iOS Swift Sample.release.xcconfig */;
			buildSettings = {
				ASSETCATALOG_COMPILER_APPICON_NAME = AppIcon;
				CODE_SIGN_STYLE = Automatic;
				DEVELOPMENT_TEAM = FWD9V5VYJ2;
				INFOPLIST_FILE = "E3Kit iOS Swift Sample/Info.plist";
				LD_RUNPATH_SEARCH_PATHS = (
					"$(inherited)",
					"@executable_path/Frameworks",
				);
				PRODUCT_BUNDLE_IDENTIFIER = "cardoso.E3Kit-iOS-Swift-Sample";
				PRODUCT_NAME = "$(TARGET_NAME)";
				SWIFT_VERSION = 5.0;
				TARGETED_DEVICE_FAMILY = "1,2";
			};
			name = Release;
		};
/* End XCBuildConfiguration section */

/* Begin XCConfigurationList section */
		80ED28EB2268DD70009AB395 /* Build configuration list for PBXProject "E3Kit iOS Swift Sample" */ = {
			isa = XCConfigurationList;
			buildConfigurations = (
				80ED29002268DD72009AB395 /* Debug */,
				80ED29012268DD72009AB395 /* Release */,
			);
			defaultConfigurationIsVisible = 0;
			defaultConfigurationName = Release;
		};
		80ED29022268DD72009AB395 /* Build configuration list for PBXNativeTarget "E3Kit iOS Swift Sample" */ = {
			isa = XCConfigurationList;
			buildConfigurations = (
				80ED29032268DD72009AB395 /* Debug */,
				80ED29042268DD72009AB395 /* Release */,
			);
			defaultConfigurationIsVisible = 0;
			defaultConfigurationName = Release;
		};
/* End XCConfigurationList section */
	};
	rootObject = 80ED28E82268DD70009AB395 /* Project object */;
}
